// !$*UTF8*$!
{
	archiveVersion = 1;
	classes = {
	};
	objectVersion = 50;
	objects = {

/* Begin PBXBuildFile section */
		3D55825221D7437000A6A779 /* OCNavigationController.m in Sources */ = {isa = PBXBuildFile; fileRef = 3D55825121D7437000A6A779 /* OCNavigationController.m */; };
		3D58F15621D61FA4005F98FA /* AppDelegate.m in Sources */ = {isa = PBXBuildFile; fileRef = 3D58F15521D61FA4005F98FA /* AppDelegate.m */; };
		3D58F15921D61FA4005F98FA /* ViewController.m in Sources */ = {isa = PBXBuildFile; fileRef = 3D58F15821D61FA4005F98FA /* ViewController.m */; };
		3D58F15C21D61FA4005F98FA /* Main.storyboard in Resources */ = {isa = PBXBuildFile; fileRef = 3D58F15A21D61FA4005F98FA /* Main.storyboard */; };
		3D58F15E21D61FA8005F98FA /* Assets.xcassets in Resources */ = {isa = PBXBuildFile; fileRef = 3D58F15D21D61FA8005F98FA /* Assets.xcassets */; };
		3D58F16121D61FA8005F98FA /* LaunchScreen.storyboard in Resources */ = {isa = PBXBuildFile; fileRef = 3D58F15F21D61FA8005F98FA /* LaunchScreen.storyboard */; };
		3D58F16421D61FA8005F98FA /* main.m in Sources */ = {isa = PBXBuildFile; fileRef = 3D58F16321D61FA8005F98FA /* main.m */; };
		3D58F16E21D61FF2005F98FA /* OCLabel.m in Sources */ = {isa = PBXBuildFile; fileRef = 3D58F16D21D61FF2005F98FA /* OCLabel.m */; };
		3D58F17121D620DD005F98FA /* OCButton.m in Sources */ = {isa = PBXBuildFile; fileRef = 3D58F17021D620DD005F98FA /* OCButton.m */; };
		4A8CEF482325EA6200F5D447 /* OCImage.m in Sources */ = {isa = PBXBuildFile; fileRef = 4A8CEF472325EA6200F5D447 /* OCImage.m */; };
		4AA0CDDF23025C0000F50BCB /* OCTextField.m in Sources */ = {isa = PBXBuildFile; fileRef = 4AA0CDDE23025C0000F50BCB /* OCTextField.m */; };
		4AA0CDE323025DC000F50BCB /* AppDelegate+OC.m in Sources */ = {isa = PBXBuildFile; fileRef = 4AA0CDE223025DC000F50BCB /* AppDelegate+OC.m */; };
		4AFE429E231FA4E800AD52DA /* NSTimer+Crash.m in Sources */ = {isa = PBXBuildFile; fileRef = 4AFE428D231FA4E800AD52DA /* NSTimer+Crash.m */; };
		4AFE429F231FA4E800AD52DA /* NSTimerProxy.m in Sources */ = {isa = PBXBuildFile; fileRef = 4AFE428F231FA4E800AD52DA /* NSTimerProxy.m */; };
		4AFE42A0231FA4E800AD52DA /* ForwardingTarget.m in Sources */ = {isa = PBXBuildFile; fileRef = 4AFE4292231FA4E800AD52DA /* ForwardingTarget.m */; };
		4AFE42A1231FA4E800AD52DA /* NSObject+AvoidCrash.m in Sources */ = {isa = PBXBuildFile; fileRef = 4AFE4293231FA4E800AD52DA /* NSObject+AvoidCrash.m */; };
		4AFE42A3231FA4E800AD52DA /* NSObject+KVOCrash.m in Sources */ = {isa = PBXBuildFile; fileRef = 4AFE429A231FA4E800AD52DA /* NSObject+KVOCrash.m */; };
		4AFE42A4231FA4E800AD52DA /* KVOProxy.m in Sources */ = {isa = PBXBuildFile; fileRef = 4AFE429D231FA4E800AD52DA /* KVOProxy.m */; };
		4AFE42A7231FA57200AD52DA /* OCCrashAvoidWhiteList.m in Sources */ = {isa = PBXBuildFile; fileRef = 4AFE42A6231FA57200AD52DA /* OCCrashAvoidWhiteList.m */; };
		4AFE42AA231FA73C00AD52DA /* NSMutableArray+Crash.m in Sources */ = {isa = PBXBuildFile; fileRef = 4AFE42A9231FA73C00AD52DA /* NSMutableArray+Crash.m */; };
		4AFE42AD231FACC800AD52DA /* UIViewController+aop.m in Sources */ = {isa = PBXBuildFile; fileRef = 4AFE42AC231FACC800AD52DA /* UIViewController+aop.m */; };
/* End PBXBuildFile section */

/* Begin PBXFileReference section */
		3D55825021D7437000A6A779 /* OCNavigationController.h */ = {isa = PBXFileReference; lastKnownFileType = sourcecode.c.h; path = OCNavigationController.h; sourceTree = "<group>"; };
		3D55825121D7437000A6A779 /* OCNavigationController.m */ = {isa = PBXFileReference; lastKnownFileType = sourcecode.c.objc; path = OCNavigationController.m; sourceTree = "<group>"; };
		3D58F15121D61FA4005F98FA /* OCTipsDemo.app */ = {isa = PBXFileReference; explicitFileType = wrapper.application; includeInIndex = 0; path = OCTipsDemo.app; sourceTree = BUILT_PRODUCTS_DIR; };
		3D58F15421D61FA4005F98FA /* AppDelegate.h */ = {isa = PBXFileReference; lastKnownFileType = sourcecode.c.h; path = AppDelegate.h; sourceTree = "<group>"; };
		3D58F15521D61FA4005F98FA /* AppDelegate.m */ = {isa = PBXFileReference; lastKnownFileType = sourcecode.c.objc; path = AppDelegate.m; sourceTree = "<group>"; };
		3D58F15721D61FA4005F98FA /* ViewController.h */ = {isa = PBXFileReference; lastKnownFileType = sourcecode.c.h; path = ViewController.h; sourceTree = "<group>"; };
		3D58F15821D61FA4005F98FA /* ViewController.m */ = {isa = PBXFileReference; lastKnownFileType = sourcecode.c.objc; path = ViewController.m; sourceTree = "<group>"; };
		3D58F15B21D61FA4005F98FA /* Base */ = {isa = PBXFileReference; lastKnownFileType = file.storyboard; name = Base; path = Base.lproj/Main.storyboard; sourceTree = "<group>"; };
		3D58F15D21D61FA8005F98FA /* Assets.xcassets */ = {isa = PBXFileReference; lastKnownFileType = folder.assetcatalog; path = Assets.xcassets; sourceTree = "<group>"; };
		3D58F16021D61FA8005F98FA /* Base */ = {isa = PBXFileReference; lastKnownFileType = file.storyboard; name = Base; path = Base.lproj/LaunchScreen.storyboard; sourceTree = "<group>"; };
		3D58F16221D61FA8005F98FA /* Info.plist */ = {isa = PBXFileReference; lastKnownFileType = text.plist.xml; path = Info.plist; sourceTree = "<group>"; };
		3D58F16321D61FA8005F98FA /* main.m */ = {isa = PBXFileReference; lastKnownFileType = sourcecode.c.objc; path = main.m; sourceTree = "<group>"; };
		3D58F16C21D61FF2005F98FA /* OCLabel.h */ = {isa = PBXFileReference; lastKnownFileType = sourcecode.c.h; path = OCLabel.h; sourceTree = "<group>"; };
		3D58F16D21D61FF2005F98FA /* OCLabel.m */ = {isa = PBXFileReference; lastKnownFileType = sourcecode.c.objc; path = OCLabel.m; sourceTree = "<group>"; };
		3D58F16F21D620DD005F98FA /* OCButton.h */ = {isa = PBXFileReference; lastKnownFileType = sourcecode.c.h; path = OCButton.h; sourceTree = "<group>"; };
		3D58F17021D620DD005F98FA /* OCButton.m */ = {isa = PBXFileReference; lastKnownFileType = sourcecode.c.objc; path = OCButton.m; sourceTree = "<group>"; };
		4A8CEF462325EA6200F5D447 /* OCImage.h */ = {isa = PBXFileReference; lastKnownFileType = sourcecode.c.h; path = OCImage.h; sourceTree = "<group>"; };
		4A8CEF472325EA6200F5D447 /* OCImage.m */ = {isa = PBXFileReference; lastKnownFileType = sourcecode.c.objc; path = OCImage.m; sourceTree = "<group>"; };
		4AA0CDDD23025C0000F50BCB /* OCTextField.h */ = {isa = PBXFileReference; lastKnownFileType = sourcecode.c.h; path = OCTextField.h; sourceTree = "<group>"; };
		4AA0CDDE23025C0000F50BCB /* OCTextField.m */ = {isa = PBXFileReference; lastKnownFileType = sourcecode.c.objc; path = OCTextField.m; sourceTree = "<group>"; };
		4AA0CDE123025DC000F50BCB /* AppDelegate+OC.h */ = {isa = PBXFileReference; lastKnownFileType = sourcecode.c.h; path = "AppDelegate+OC.h"; sourceTree = "<group>"; };
		4AA0CDE223025DC000F50BCB /* AppDelegate+OC.m */ = {isa = PBXFileReference; lastKnownFileType = sourcecode.c.objc; path = "AppDelegate+OC.m"; sourceTree = "<group>"; };
		4AFE428D231FA4E800AD52DA /* NSTimer+Crash.m */ = {isa = PBXFileReference; fileEncoding = 4; lastKnownFileType = sourcecode.c.objc; path = "NSTimer+Crash.m"; sourceTree = "<group>"; };
		4AFE428E231FA4E800AD52DA /* NSTimerProxy.h */ = {isa = PBXFileReference; fileEncoding = 4; lastKnownFileType = sourcecode.c.h; path = NSTimerProxy.h; sourceTree = "<group>"; };
		4AFE428F231FA4E800AD52DA /* NSTimerProxy.m */ = {isa = PBXFileReference; fileEncoding = 4; lastKnownFileType = sourcecode.c.objc; path = NSTimerProxy.m; sourceTree = "<group>"; };
		4AFE4290231FA4E800AD52DA /* NSTimer+Crash.h */ = {isa = PBXFileReference; fileEncoding = 4; lastKnownFileType = sourcecode.c.h; path = "NSTimer+Crash.h"; sourceTree = "<group>"; };
		4AFE4292231FA4E800AD52DA /* ForwardingTarget.m */ = {isa = PBXFileReference; fileEncoding = 4; lastKnownFileType = sourcecode.c.objc; path = ForwardingTarget.m; sourceTree = "<group>"; };
		4AFE4293231FA4E800AD52DA /* NSObject+AvoidCrash.m */ = {isa = PBXFileReference; fileEncoding = 4; lastKnownFileType = sourcecode.c.objc; path = "NSObject+AvoidCrash.m"; sourceTree = "<group>"; };
		4AFE4294231FA4E800AD52DA /* ForwardingTarget.h */ = {isa = PBXFileReference; fileEncoding = 4; lastKnownFileType = sourcecode.c.h; path = ForwardingTarget.h; sourceTree = "<group>"; };
		4AFE4295231FA4E800AD52DA /* NSObject+AvoidCrash.h */ = {isa = PBXFileReference; fileEncoding = 4; lastKnownFileType = sourcecode.c.h; path = "NSObject+AvoidCrash.h"; sourceTree = "<group>"; };
		4AFE429A231FA4E800AD52DA /* NSObject+KVOCrash.m */ = {isa = PBXFileReference; fileEncoding = 4; lastKnownFileType = sourcecode.c.objc; path = "NSObject+KVOCrash.m"; sourceTree = "<group>"; };
		4AFE429B231FA4E800AD52DA /* KVOProxy.h */ = {isa = PBXFileReference; fileEncoding = 4; lastKnownFileType = sourcecode.c.h; path = KVOProxy.h; sourceTree = "<group>"; };
		4AFE429C231FA4E800AD52DA /* NSObject+KVOCrash.h */ = {isa = PBXFileReference; fileEncoding = 4; lastKnownFileType = sourcecode.c.h; path = "NSObject+KVOCrash.h"; sourceTree = "<group>"; };
		4AFE429D231FA4E800AD52DA /* KVOProxy.m */ = {isa = PBXFileReference; fileEncoding = 4; lastKnownFileType = sourcecode.c.objc; path = KVOProxy.m; sourceTree = "<group>"; };
		4AFE42A5231FA57200AD52DA /* OCCrashAvoidWhiteList.h */ = {isa = PBXFileReference; lastKnownFileType = sourcecode.c.h; path = OCCrashAvoidWhiteList.h; sourceTree = "<group>"; };
		4AFE42A6231FA57200AD52DA /* OCCrashAvoidWhiteList.m */ = {isa = PBXFileReference; lastKnownFileType = sourcecode.c.objc; path = OCCrashAvoidWhiteList.m; sourceTree = "<group>"; };
		4AFE42A8231FA73C00AD52DA /* NSMutableArray+Crash.h */ = {isa = PBXFileReference; lastKnownFileType = sourcecode.c.h; path = "NSMutableArray+Crash.h"; sourceTree = "<group>"; };
		4AFE42A9231FA73C00AD52DA /* NSMutableArray+Crash.m */ = {isa = PBXFileReference; lastKnownFileType = sourcecode.c.objc; path = "NSMutableArray+Crash.m"; sourceTree = "<group>"; };
		4AFE42AB231FACC800AD52DA /* UIViewController+aop.h */ = {isa = PBXFileReference; lastKnownFileType = sourcecode.c.h; path = "UIViewController+aop.h"; sourceTree = "<group>"; };
		4AFE42AC231FACC800AD52DA /* UIViewController+aop.m */ = {isa = PBXFileReference; lastKnownFileType = sourcecode.c.objc; path = "UIViewController+aop.m"; sourceTree = "<group>"; };
/* End PBXFileReference section */

/* Begin PBXFrameworksBuildPhase section */
		3D58F14E21D61FA4005F98FA /* Frameworks */ = {
			isa = PBXFrameworksBuildPhase;
			buildActionMask = 2147483647;
			files = (
			);
			runOnlyForDeploymentPostprocessing = 0;
		};
/* End PBXFrameworksBuildPhase section */

/* Begin PBXGroup section */
		3D55824F21D7432200A6A779 /* NavigationController */ = {
			isa = PBXGroup;
			children = (
				3D55825021D7437000A6A779 /* OCNavigationController.h */,
				3D55825121D7437000A6A779 /* OCNavigationController.m */,
			);
			path = NavigationController;
			sourceTree = "<group>";
		};
		3D58F14821D61FA4005F98FA = {
			isa = PBXGroup;
			children = (
				3D58F15321D61FA4005F98FA /* OCTipsDemo */,
				3D58F15221D61FA4005F98FA /* Products */,
			);
			sourceTree = "<group>";
		};
		3D58F15221D61FA4005F98FA /* Products */ = {
			isa = PBXGroup;
			children = (
				3D58F15121D61FA4005F98FA /* OCTipsDemo.app */,
			);
			name = Products;
			sourceTree = "<group>";
		};
		3D58F15321D61FA4005F98FA /* OCTipsDemo */ = {
			isa = PBXGroup;
			children = (
				4A8CEF452325EA4900F5D447 /* Image */,
				4AA0CDE023025D6C00F50BCB /* LocatPush */,
				4AA0CDDC23025BD300F50BCB /* UITextField */,
				3D55824F21D7432200A6A779 /* NavigationController */,
				3D58F16B21D61FC6005F98FA /* Button */,
				3D58F16A21D61FBC005F98FA /* Label */,
				4AFE428B231FA4E800AD52DA /* AvoidCrash */,
				3D58F15421D61FA4005F98FA /* AppDelegate.h */,
				3D58F15521D61FA4005F98FA /* AppDelegate.m */,
				3D58F15721D61FA4005F98FA /* ViewController.h */,
				3D58F15821D61FA4005F98FA /* ViewController.m */,
				3D58F15A21D61FA4005F98FA /* Main.storyboard */,
				3D58F15D21D61FA8005F98FA /* Assets.xcassets */,
				3D58F15F21D61FA8005F98FA /* LaunchScreen.storyboard */,
				3D58F16221D61FA8005F98FA /* Info.plist */,
				3D58F16321D61FA8005F98FA /* main.m */,
			);
			path = OCTipsDemo;
			sourceTree = "<group>";
		};
		3D58F16A21D61FBC005F98FA /* Label */ = {
			isa = PBXGroup;
			children = (
				3D58F16C21D61FF2005F98FA /* OCLabel.h */,
				3D58F16D21D61FF2005F98FA /* OCLabel.m */,
			);
			path = Label;
			sourceTree = "<group>";
		};
		3D58F16B21D61FC6005F98FA /* Button */ = {
			isa = PBXGroup;
			children = (
				3D58F16F21D620DD005F98FA /* OCButton.h */,
				3D58F17021D620DD005F98FA /* OCButton.m */,
			);
			path = Button;
			sourceTree = "<group>";
		};
		4A8CEF452325EA4900F5D447 /* Image */ = {
			isa = PBXGroup;
			children = (
				4A8CEF462325EA6200F5D447 /* OCImage.h */,
				4A8CEF472325EA6200F5D447 /* OCImage.m */,
			);
			path = Image;
			sourceTree = "<group>";
		};
		4AA0CDDC23025BD300F50BCB /* UITextField */ = {
			isa = PBXGroup;
			children = (
				4AA0CDDD23025C0000F50BCB /* OCTextField.h */,
				4AA0CDDE23025C0000F50BCB /* OCTextField.m */,
			);
			path = UITextField;
			sourceTree = "<group>";
		};
		4AA0CDE023025D6C00F50BCB /* LocatPush */ = {
			isa = PBXGroup;
			children = (
				4AA0CDE123025DC000F50BCB /* AppDelegate+OC.h */,
				4AA0CDE223025DC000F50BCB /* AppDelegate+OC.m */,
			);
			path = LocatPush;
			sourceTree = "<group>";
		};
		4AFE428B231FA4E800AD52DA /* AvoidCrash */ = {
			isa = PBXGroup;
			children = (
				4AFE428C231FA4E800AD52DA /* NSTimerCrash */,
				4AFE4291231FA4E800AD52DA /* UnrecognizedSelectorCrash */,
				4AFE4296231FA4E800AD52DA /* WhiteList(设置白名单) */,
				4AFE4299231FA4E800AD52DA /* KVOCrash */,
				4AFE42A8231FA73C00AD52DA /* NSMutableArray+Crash.h */,
				4AFE42A9231FA73C00AD52DA /* NSMutableArray+Crash.m */,
				4AFE42AB231FACC800AD52DA /* UIViewController+aop.h */,
				4AFE42AC231FACC800AD52DA /* UIViewController+aop.m */,
			);
			path = AvoidCrash;
			sourceTree = "<group>";
		};
		4AFE428C231FA4E800AD52DA /* NSTimerCrash */ = {
			isa = PBXGroup;
			children = (
				4AFE428F231FA4E800AD52DA /* NSTimerProxy.m */,
				4AFE428E231FA4E800AD52DA /* NSTimerProxy.h */,
				4AFE4290231FA4E800AD52DA /* NSTimer+Crash.h */,
				4AFE428D231FA4E800AD52DA /* NSTimer+Crash.m */,
			);
			path = NSTimerCrash;
			sourceTree = "<group>";
		};
		4AFE4291231FA4E800AD52DA /* UnrecognizedSelectorCrash */ = {
			isa = PBXGroup;
			children = (
				4AFE4294231FA4E800AD52DA /* ForwardingTarget.h */,
				4AFE4292231FA4E800AD52DA /* ForwardingTarget.m */,
				4AFE4295231FA4E800AD52DA /* NSObject+AvoidCrash.h */,
				4AFE4293231FA4E800AD52DA /* NSObject+AvoidCrash.m */,
			);
			path = UnrecognizedSelectorCrash;
			sourceTree = "<group>";
		};
		4AFE4296231FA4E800AD52DA /* WhiteList(设置白名单) */ = {
			isa = PBXGroup;
			children = (
				4AFE42A5231FA57200AD52DA /* OCCrashAvoidWhiteList.h */,
				4AFE42A6231FA57200AD52DA /* OCCrashAvoidWhiteList.m */,
			);
			path = "WhiteList(设置白名单)";
			sourceTree = "<group>";
		};
		4AFE4299231FA4E800AD52DA /* KVOCrash */ = {
			isa = PBXGroup;
			children = (
				4AFE429C231FA4E800AD52DA /* NSObject+KVOCrash.h */,
				4AFE429A231FA4E800AD52DA /* NSObject+KVOCrash.m */,
				4AFE429B231FA4E800AD52DA /* KVOProxy.h */,
				4AFE429D231FA4E800AD52DA /* KVOProxy.m */,
			);
			path = KVOCrash;
			sourceTree = "<group>";
		};
/* End PBXGroup section */

/* Begin PBXNativeTarget section */
		3D58F15021D61FA4005F98FA /* OCTipsDemo */ = {
			isa = PBXNativeTarget;
			buildConfigurationList = 3D58F16721D61FA8005F98FA /* Build configuration list for PBXNativeTarget "OCTipsDemo" */;
			buildPhases = (
				3D58F14D21D61FA4005F98FA /* Sources */,
				3D58F14E21D61FA4005F98FA /* Frameworks */,
				3D58F14F21D61FA4005F98FA /* Resources */,
			);
			buildRules = (
			);
			dependencies = (
			);
			name = OCTipsDemo;
			productName = OCTipsDemo;
			productReference = 3D58F15121D61FA4005F98FA /* OCTipsDemo.app */;
			productType = "com.apple.product-type.application";
		};
/* End PBXNativeTarget section */

/* Begin PBXProject section */
		3D58F14921D61FA4005F98FA /* Project object */ = {
			isa = PBXProject;
			attributes = {
				CLASSPREFIX = OC;
				LastUpgradeCheck = 1000;
				ORGANIZATIONNAME = Sniper;
				TargetAttributes = {
					3D58F15021D61FA4005F98FA = {
						CreatedOnToolsVersion = 10.0;
					};
				};
			};
			buildConfigurationList = 3D58F14C21D61FA4005F98FA /* Build configuration list for PBXProject "OCTipsDemo" */;
			compatibilityVersion = "Xcode 9.3";
			developmentRegion = en;
			hasScannedForEncodings = 0;
			knownRegions = (
				en,
				Base,
			);
			mainGroup = 3D58F14821D61FA4005F98FA;
			productRefGroup = 3D58F15221D61FA4005F98FA /* Products */;
			projectDirPath = "";
			projectRoot = "";
			targets = (
				3D58F15021D61FA4005F98FA /* OCTipsDemo */,
			);
		};
/* End PBXProject section */

/* Begin PBXResourcesBuildPhase section */
		3D58F14F21D61FA4005F98FA /* Resources */ = {
			isa = PBXResourcesBuildPhase;
			buildActionMask = 2147483647;
			files = (
				3D58F16121D61FA8005F98FA /* LaunchScreen.storyboard in Resources */,
				3D58F15E21D61FA8005F98FA /* Assets.xcassets in Resources */,
				3D58F15C21D61FA4005F98FA /* Main.storyboard in Resources */,
			);
			runOnlyForDeploymentPostprocessing = 0;
		};
/* End PBXResourcesBuildPhase section */

/* Begin PBXSourcesBuildPhase section */
		3D58F14D21D61FA4005F98FA /* Sources */ = {
			isa = PBXSourcesBuildPhase;
			buildActionMask = 2147483647;
			files = (
				4AFE42A3231FA4E800AD52DA /* NSObject+KVOCrash.m in Sources */,
				4AA0CDDF23025C0000F50BCB /* OCTextField.m in Sources */,
				4AFE42A4231FA4E800AD52DA /* KVOProxy.m in Sources */,
				4A8CEF482325EA6200F5D447 /* OCImage.m in Sources */,
				3D58F15921D61FA4005F98FA /* ViewController.m in Sources */,
				4AFE42A7231FA57200AD52DA /* OCCrashAvoidWhiteList.m in Sources */,
				3D58F16421D61FA8005F98FA /* main.m in Sources */,
				4AFE429F231FA4E800AD52DA /* NSTimerProxy.m in Sources */,
				4AFE42AA231FA73C00AD52DA /* NSMutableArray+Crash.m in Sources */,
				3D58F17121D620DD005F98FA /* OCButton.m in Sources */,
				4AA0CDE323025DC000F50BCB /* AppDelegate+OC.m in Sources */,
				4AFE42AD231FACC800AD52DA /* UIViewController+aop.m in Sources */,
				3D55825221D7437000A6A779 /* OCNavigationController.m in Sources */,
				4AFE429E231FA4E800AD52DA /* NSTimer+Crash.m in Sources */,
				3D58F16E21D61FF2005F98FA /* OCLabel.m in Sources */,
				4AFE42A0231FA4E800AD52DA /* ForwardingTarget.m in Sources */,
				3D58F15621D61FA4005F98FA /* AppDelegate.m in Sources */,
				4AFE42A1231FA4E800AD52DA /* NSObject+AvoidCrash.m in Sources */,
			);
			runOnlyForDeploymentPostprocessing = 0;
		};
/* End PBXSourcesBuildPhase section */

/* Begin PBXVariantGroup section */
		3D58F15A21D61FA4005F98FA /* Main.storyboard */ = {
			isa = PBXVariantGroup;
			children = (
				3D58F15B21D61FA4005F98FA /* Base */,
			);
			name = Main.storyboard;
			sourceTree = "<group>";
		};
		3D58F15F21D61FA8005F98FA /* LaunchScreen.storyboard */ = {
			isa = PBXVariantGroup;
			children = (
				3D58F16021D61FA8005F98FA /* Base */,
			);
			name = LaunchScreen.storyboard;
			sourceTree = "<group>";
		};
/* End PBXVariantGroup section */

/* Begin XCBuildConfiguration section */
		3D58F16521D61FA8005F98FA /* Debug */ = {
			isa = XCBuildConfiguration;
			buildSettings = {
				ALWAYS_SEARCH_USER_PATHS = NO;
				CLANG_ANALYZER_NONNULL = YES;
				CLANG_ANALYZER_NUMBER_OBJECT_CONVERSION = YES_AGGRESSIVE;
				CLANG_CXX_LANGUAGE_STANDARD = "gnu++14";
				CLANG_CXX_LIBRARY = "libc++";
				CLANG_ENABLE_MODULES = YES;
				CLANG_ENABLE_OBJC_ARC = YES;
				CLANG_ENABLE_OBJC_WEAK = YES;
				CLANG_WARN_BLOCK_CAPTURE_AUTORELEASING = YES;
				CLANG_WARN_BOOL_CONVERSION = YES;
				CLANG_WARN_COMMA = YES;
				CLANG_WARN_CONSTANT_CONVERSION = YES;
				CLANG_WARN_DEPRECATED_OBJC_IMPLEMENTATIONS = YES;
				CLANG_WARN_DIRECT_OBJC_ISA_USAGE = YES_ERROR;
				CLANG_WARN_DOCUMENTATION_COMMENTS = YES;
				CLANG_WARN_EMPTY_BODY = YES;
				CLANG_WARN_ENUM_CONVERSION = YES;
				CLANG_WARN_INFINITE_RECURSION = YES;
				CLANG_WARN_INT_CONVERSION = YES;
				CLANG_WARN_NON_LITERAL_NULL_CONVERSION = YES;
				CLANG_WARN_OBJC_IMPLICIT_RETAIN_SELF = YES;
				CLANG_WARN_OBJC_LITERAL_CONVERSION = YES;
				CLANG_WARN_OBJC_ROOT_CLASS = YES_ERROR;
				CLANG_WARN_RANGE_LOOP_ANALYSIS = YES;
				CLANG_WARN_STRICT_PROTOTYPES = YES;
				CLANG_WARN_SUSPICIOUS_MOVE = YES;
				CLANG_WARN_UNGUARDED_AVAILABILITY = YES_AGGRESSIVE;
				CLANG_WARN_UNREACHABLE_CODE = YES;
				CLANG_WARN__DUPLICATE_METHOD_MATCH = YES;
				CODE_SIGN_IDENTITY = "iPhone Developer";
				COPY_PHASE_STRIP = NO;
				DEBUG_INFORMATION_FORMAT = dwarf;
				ENABLE_STRICT_OBJC_MSGSEND = YES;
				ENABLE_TESTABILITY = YES;
				GCC_C_LANGUAGE_STANDARD = gnu11;
				GCC_DYNAMIC_NO_PIC = NO;
				GCC_NO_COMMON_BLOCKS = YES;
				GCC_OPTIMIZATION_LEVEL = 0;
				GCC_PREPROCESSOR_DEFINITIONS = (
					"DEBUG=1",
					"$(inherited)",
				);
				GCC_WARN_64_TO_32_BIT_CONVERSION = YES;
				GCC_WARN_ABOUT_RETURN_TYPE = YES_ERROR;
				GCC_WARN_UNDECLARED_SELECTOR = YES;
				GCC_WARN_UNINITIALIZED_AUTOS = YES_AGGRESSIVE;
				GCC_WARN_UNUSED_FUNCTION = YES;
				GCC_WARN_UNUSED_VARIABLE = YES;
				IPHONEOS_DEPLOYMENT_TARGET = 12.0;
				MTL_ENABLE_DEBUG_INFO = INCLUDE_SOURCE;
				MTL_FAST_MATH = YES;
				ONLY_ACTIVE_ARCH = YES;
				SDKROOT = iphoneos;
			};
			name = Debug;
		};
		3D58F16621D61FA8005F98FA /* Release */ = {
			isa = XCBuildConfiguration;
			buildSettings = {
				ALWAYS_SEARCH_USER_PATHS = NO;
				CLANG_ANALYZER_NONNULL = YES;
				CLANG_ANALYZER_NUMBER_OBJECT_CONVERSION = YES_AGGRESSIVE;
				CLANG_CXX_LANGUAGE_STANDARD = "gnu++14";
				CLANG_CXX_LIBRARY = "libc++";
				CLANG_ENABLE_MODULES = YES;
				CLANG_ENABLE_OBJC_ARC = YES;
				CLANG_ENABLE_OBJC_WEAK = YES;
				CLANG_WARN_BLOCK_CAPTURE_AUTORELEASING = YES;
				CLANG_WARN_BOOL_CONVERSION = YES;
				CLANG_WARN_COMMA = YES;
				CLANG_WARN_CONSTANT_CONVERSION = YES;
				CLANG_WARN_DEPRECATED_OBJC_IMPLEMENTATIONS = YES;
				CLANG_WARN_DIRECT_OBJC_ISA_USAGE = YES_ERROR;
				CLANG_WARN_DOCUMENTATION_COMMENTS = YES;
				CLANG_WARN_EMPTY_BODY = YES;
				CLANG_WARN_ENUM_CONVERSION = YES;
				CLANG_WARN_INFINITE_RECURSION = YES;
				CLANG_WARN_INT_CONVERSION = YES;
				CLANG_WARN_NON_LITERAL_NULL_CONVERSION = YES;
				CLANG_WARN_OBJC_IMPLICIT_RETAIN_SELF = YES;
				CLANG_WARN_OBJC_LITERAL_CONVERSION = YES;
				CLANG_WARN_OBJC_ROOT_CLASS = YES_ERROR;
				CLANG_WARN_RANGE_LOOP_ANALYSIS = YES;
				CLANG_WARN_STRICT_PROTOTYPES = YES;
				CLANG_WARN_SUSPICIOUS_MOVE = YES;
				CLANG_WARN_UNGUARDED_AVAILABILITY = YES_AGGRESSIVE;
				CLANG_WARN_UNREACHABLE_CODE = YES;
				CLANG_WARN__DUPLICATE_METHOD_MATCH = YES;
				CODE_SIGN_IDENTITY = "iPhone Developer";
				COPY_PHASE_STRIP = NO;
				DEBUG_INFORMATION_FORMAT = "dwarf-with-dsym";
				ENABLE_NS_ASSERTIONS = NO;
				ENABLE_STRICT_OBJC_MSGSEND = YES;
				GCC_C_LANGUAGE_STANDARD = gnu11;
				GCC_NO_COMMON_BLOCKS = YES;
				GCC_WARN_64_TO_32_BIT_CONVERSION = YES;
				GCC_WARN_ABOUT_RETURN_TYPE = YES_ERROR;
				GCC_WARN_UNDECLARED_SELECTOR = YES;
				GCC_WARN_UNINITIALIZED_AUTOS = YES_AGGRESSIVE;
				GCC_WARN_UNUSED_FUNCTION = YES;
				GCC_WARN_UNUSED_VARIABLE = YES;
				IPHONEOS_DEPLOYMENT_TARGET = 12.0;
				MTL_ENABLE_DEBUG_INFO = NO;
				MTL_FAST_MATH = YES;
				SDKROOT = iphoneos;
				VALIDATE_PRODUCT = YES;
			};
			name = Release;
		};
		3D58F16821D61FA8005F98FA /* Debug */ = {
			isa = XCBuildConfiguration;
			buildSettings = {
				ASSETCATALOG_COMPILER_APPICON_NAME = AppIcon;
				CODE_SIGN_STYLE = Automatic;
				INFOPLIST_FILE = OCTipsDemo/Info.plist;
				LD_RUNPATH_SEARCH_PATHS = (
					"$(inherited)",
					"@executable_path/Frameworks",
				);
				PRODUCT_BUNDLE_IDENTIFIER = com.OCTipsDemo;
				PRODUCT_NAME = "$(TARGET_NAME)";
				TARGETED_DEVICE_FAMILY = "1,2";
			};
			name = Debug;
		};
		3D58F16921D61FA8005F98FA /* Release */ = {
			isa = XCBuildConfiguration;
			buildSettings = {
				ASSETCATALOG_COMPILER_APPICON_NAME = AppIcon;
				CODE_SIGN_STYLE = Automatic;
				INFOPLIST_FILE = OCTipsDemo/Info.plist;
				LD_RUNPATH_SEARCH_PATHS = (
					"$(inherited)",
					"@executable_path/Frameworks",
				);
				PRODUCT_BUNDLE_IDENTIFIER = com.OCTipsDemo;
				PRODUCT_NAME = "$(TARGET_NAME)";
				TARGETED_DEVICE_FAMILY = "1,2";
			};
			name = Release;
		};
/* End XCBuildConfiguration section */

/* Begin XCConfigurationList section */
		3D58F14C21D61FA4005F98FA /* Build configuration list for PBXProject "OCTipsDemo" */ = {
			isa = XCConfigurationList;
			buildConfigurations = (
				3D58F16521D61FA8005F98FA /* Debug */,
				3D58F16621D61FA8005F98FA /* Release */,
			);
			defaultConfigurationIsVisible = 0;
			defaultConfigurationName = Release;
		};
		3D58F16721D61FA8005F98FA /* Build configuration list for PBXNativeTarget "OCTipsDemo" */ = {
			isa = XCConfigurationList;
			buildConfigurations = (
				3D58F16821D61FA8005F98FA /* Debug */,
				3D58F16921D61FA8005F98FA /* Release */,
			);
			defaultConfigurationIsVisible = 0;
			defaultConfigurationName = Release;
		};
/* End XCConfigurationList section */
	};
	rootObject = 3D58F14921D61FA4005F98FA /* Project object */;
}
